// !$*UTF8*$!
{
	archiveVersion = 1;
	classes = {
	};
	objectVersion = 77;
	objects = {

/* Begin PBXBuildFile section */
		351261272D7FEDF2002849D6 /* GoogleSignIn in Frameworks */ = {isa = PBXBuildFile; productRef = 351261262D7FEDF2002849D6 /* GoogleSignIn */; };
		351261292D7FEDF2002849D6 /* GoogleSignInSwift in Frameworks */ = {isa = PBXBuildFile; productRef = 351261282D7FEDF2002849D6 /* GoogleSignInSwift */; };
		3512612B2D7FEED8002849D6 /* FirebaseAnalytics in Frameworks */ = {isa = PBXBuildFile; productRef = 3512612A2D7FEED8002849D6 /* FirebaseAnalytics */; };
		3512612D2D7FEEF4002849D6 /* FacebookLogin in Frameworks */ = {isa = PBXBuildFile; productRef = 3512612C2D7FEEF4002849D6 /* FacebookLogin */; };
		E1B58FB62D7F93CA005E3895 /* FirebaseAuth in Frameworks */ = {isa = PBXBuildFile; productRef = E1B58FB52D7F93CA005E3895 /* FirebaseAuth */; };
		E1B58FB82D7F93CA005E3895 /* FirebaseAuthCombine-Community in Frameworks */ = {isa = PBXBuildFile; productRef = E1B58FB72D7F93CA005E3895 /* FirebaseAuthCombine-Community */; };
		E1B58FBA2D7F93CA005E3895 /* FirebaseCore in Frameworks */ = {isa = PBXBuildFile; productRef = E1B58FB92D7F93CA005E3895 /* FirebaseCore */; };
		E1B58FBC2D7F93CA005E3895 /* FirebaseDatabase in Frameworks */ = {isa = PBXBuildFile; productRef = E1B58FBB2D7F93CA005E3895 /* FirebaseDatabase */; };
		E1B58FBE2D7F93CA005E3895 /* FirebaseFirestore in Frameworks */ = {isa = PBXBuildFile; productRef = E1B58FBD2D7F93CA005E3895 /* FirebaseFirestore */; };
		E1B58FC02D7F93CA005E3895 /* FirebaseFunctions in Frameworks */ = {isa = PBXBuildFile; productRef = E1B58FBF2D7F93CA005E3895 /* FirebaseFunctions */; };
		E1B58FC22D7F93CA005E3895 /* FirebaseStorage in Frameworks */ = {isa = PBXBuildFile; productRef = E1B58FC12D7F93CA005E3895 /* FirebaseStorage */; };
/* End PBXBuildFile section */

/* Begin PBXFileReference section */
		E1B58F842D7F921D005E3895 /* TheStudyPalApp.app */ = {isa = PBXFileReference; explicitFileType = wrapper.application; includeInIndex = 0; path = TheStudyPalApp.app; sourceTree = BUILT_PRODUCTS_DIR; };
/* End PBXFileReference section */

/* Begin PBXFileSystemSynchronizedBuildFileExceptionSet section */
		E1B58F992D7F921F005E3895 /* Exceptions for "TheStudyPalApp" folder in "TheStudyPalApp" target */ = {
			isa = PBXFileSystemSynchronizedBuildFileExceptionSet;
			membershipExceptions = (
				Info.plist,
			);
			target = E1B58F832D7F921D005E3895 /* TheStudyPalApp */;
		};
/* End PBXFileSystemSynchronizedBuildFileExceptionSet section */

/* Begin PBXFileSystemSynchronizedRootGroup section */
		E1B58F862D7F921D005E3895 /* TheStudyPalApp */ = {
			isa = PBXFileSystemSynchronizedRootGroup;
			exceptions = (
				E1B58F992D7F921F005E3895 /* Exceptions for "TheStudyPalApp" folder in "TheStudyPalApp" target */,
			);
			path = TheStudyPalApp;
			sourceTree = "<group>";
		};
/* End PBXFileSystemSynchronizedRootGroup section */

/* Begin PBXFrameworksBuildPhase section */
		E1B58F812D7F921D005E3895 /* Frameworks */ = {
			isa = PBXFrameworksBuildPhase;
			buildActionMask = 2147483647;
			files = (
				351261292D7FEDF2002849D6 /* GoogleSignInSwift in Frameworks */,
				E1B58FB62D7F93CA005E3895 /* FirebaseAuth in Frameworks */,
				351261272D7FEDF2002849D6 /* GoogleSignIn in Frameworks */,
				E1B58FBA2D7F93CA005E3895 /* FirebaseCore in Frameworks */,
				E1B58FBC2D7F93CA005E3895 /* FirebaseDatabase in Frameworks */,
				3512612D2D7FEEF4002849D6 /* FacebookLogin in Frameworks */,
				E1B58FC02D7F93CA005E3895 /* FirebaseFunctions in Frameworks */,
				E1B58FC22D7F93CA005E3895 /* FirebaseStorage in Frameworks */,
				E1B58FBE2D7F93CA005E3895 /* FirebaseFirestore in Frameworks */,
				3512612B2D7FEED8002849D6 /* FirebaseAnalytics in Frameworks */,
				E1B58FB82D7F93CA005E3895 /* FirebaseAuthCombine-Community in Frameworks */,
			);
			runOnlyForDeploymentPostprocessing = 0;
		};
/* End PBXFrameworksBuildPhase section */

/* Begin PBXGroup section */
		E1B58F7B2D7F921C005E3895 = {
			isa = PBXGroup;
			children = (
				E1B58F862D7F921D005E3895 /* TheStudyPalApp */,
				E1B58F852D7F921D005E3895 /* Products */,
			);
			sourceTree = "<group>";
		};
		E1B58F852D7F921D005E3895 /* Products */ = {
			isa = PBXGroup;
			children = (
				E1B58F842D7F921D005E3895 /* TheStudyPalApp.app */,
			);
			name = Products;
			sourceTree = "<group>";
		};
/* End PBXGroup section */

/* Begin PBXNativeTarget section */
		E1B58F832D7F921D005E3895 /* TheStudyPalApp */ = {
			isa = PBXNativeTarget;
			buildConfigurationList = E1B58F9A2D7F921F005E3895 /* Build configuration list for PBXNativeTarget "TheStudyPalApp" */;
			buildPhases = (
				E1B58F802D7F921D005E3895 /* Sources */,
				E1B58F812D7F921D005E3895 /* Frameworks */,
				E1B58F822D7F921D005E3895 /* Resources */,
			);
			buildRules = (
			);
			dependencies = (
			);
			fileSystemSynchronizedGroups = (
				E1B58F862D7F921D005E3895 /* TheStudyPalApp */,
			);
			name = TheStudyPalApp;
			packageProductDependencies = (
				E1B58FB52D7F93CA005E3895 /* FirebaseAuth */,
				E1B58FB72D7F93CA005E3895 /* FirebaseAuthCombine-Community */,
				E1B58FB92D7F93CA005E3895 /* FirebaseCore */,
				E1B58FBB2D7F93CA005E3895 /* FirebaseDatabase */,
				E1B58FBD2D7F93CA005E3895 /* FirebaseFirestore */,
				E1B58FBF2D7F93CA005E3895 /* FirebaseFunctions */,
				E1B58FC12D7F93CA005E3895 /* FirebaseStorage */,
				351261262D7FEDF2002849D6 /* GoogleSignIn */,
				351261282D7FEDF2002849D6 /* GoogleSignInSwift */,
				3512612A2D7FEED8002849D6 /* FirebaseAnalytics */,
				3512612C2D7FEEF4002849D6 /* FacebookLogin */,
			);
			productName = TheStudyPalApp;
			productReference = E1B58F842D7F921D005E3895 /* TheStudyPalApp.app */;
			productType = "com.apple.product-type.application";
		};
/* End PBXNativeTarget section */

/* Begin PBXProject section */
		E1B58F7C2D7F921C005E3895 /* Project object */ = {
			isa = PBXProject;
			attributes = {
				BuildIndependentTargetsInParallel = 1;
				LastSwiftUpdateCheck = 1620;
				LastUpgradeCheck = 1620;
				TargetAttributes = {
					E1B58F832D7F921D005E3895 = {
						CreatedOnToolsVersion = 16.2;
					};
				};
			};
			buildConfigurationList = E1B58F7F2D7F921C005E3895 /* Build configuration list for PBXProject "TheStudyPalApp" */;
			developmentRegion = en;
			hasScannedForEncodings = 0;
			knownRegions = (
				en,
				Base,
			);
			mainGroup = E1B58F7B2D7F921C005E3895;
			minimizedProjectReferenceProxies = 1;
			packageReferences = (
				E1B58FB42D7F93CA005E3895 /* XCRemoteSwiftPackageReference "firebase-ios-sdk" */,
				351261242D7FEDD9002849D6 /* XCRemoteSwiftPackageReference "facebook-ios-sdk" */,
				351261252D7FEDF2002849D6 /* XCRemoteSwiftPackageReference "GoogleSignIn-iOS" */,
			);
			preferredProjectObjectVersion = 77;
			productRefGroup = E1B58F852D7F921D005E3895 /* Products */;
			projectDirPath = "";
			projectRoot = "";
			targets = (
				E1B58F832D7F921D005E3895 /* TheStudyPalApp */,
			);
		};
/* End PBXProject section */

/* Begin PBXResourcesBuildPhase section */
		E1B58F822D7F921D005E3895 /* Resources */ = {
			isa = PBXResourcesBuildPhase;
			buildActionMask = 2147483647;
			files = (
			);
			runOnlyForDeploymentPostprocessing = 0;
		};
/* End PBXResourcesBuildPhase section */

/* Begin PBXSourcesBuildPhase section */
		E1B58F802D7F921D005E3895 /* Sources */ = {
			isa = PBXSourcesBuildPhase;
			buildActionMask = 2147483647;
			files = (
			);
			runOnlyForDeploymentPostprocessing = 0;
		};
/* End PBXSourcesBuildPhase section */

/* Begin XCBuildConfiguration section */
		E1B58F9B2D7F921F005E3895 /* Debug */ = {
			isa = XCBuildConfiguration;
			buildSettings = {
				ASSETCATALOG_COMPILER_APPICON_NAME = AppIcon;
				ASSETCATALOG_COMPILER_GLOBAL_ACCENT_COLOR_NAME = AccentColor;
				CODE_SIGN_STYLE = Automatic;
				CURRENT_PROJECT_VERSION = 1;
				DEVELOPMENT_TEAM = X9JHG4347L;
				GENERATE_INFOPLIST_FILE = YES;
				INFOPLIST_FILE = TheStudyPalApp/Info.plist;
				INFOPLIST_KEY_UIApplicationSupportsIndirectInputEvents = YES;
				INFOPLIST_KEY_UILaunchStoryboardName = LaunchScreen;
				INFOPLIST_KEY_UIMainStoryboardFile = Main;
				INFOPLIST_KEY_UISupportedInterfaceOrientations_iPad = "UIInterfaceOrientationPortrait UIInterfaceOrientationPortraitUpsideDown UIInterfaceOrientationLandscapeLeft UIInterfaceOrientationLandscapeRight";
				INFOPLIST_KEY_UISupportedInterfaceOrientations_iPhone = "UIInterfaceOrientationPortrait UIInterfaceOrientationLandscapeLeft UIInterfaceOrientationLandscapeRight";
				LD_RUNPATH_SEARCH_PATHS = (
					"$(inherited)",
					"@executable_path/Frameworks",
				);
				MARKETING_VERSION = 1.0;
				PRODUCT_BUNDLE_IDENTIFIER = CS329E.TheStudyPalApp;
				PRODUCT_NAME = "$(TARGET_NAME)";
				SWIFT_EMIT_LOC_STRINGS = YES;
				SWIFT_VERSION = 5.0;
				TARGETED_DEVICE_FAMILY = "1,2";
			};
			name = Debug;
		};
		E1B58F9C2D7F921F005E3895 /* Release */ = {
			isa = XCBuildConfiguration;
			buildSettings = {
				ASSETCATALOG_COMPILER_APPICON_NAME = AppIcon;
				ASSETCATALOG_COMPILER_GLOBAL_ACCENT_COLOR_NAME = AccentColor;
				CODE_SIGN_STYLE = Automatic;
				CURRENT_PROJECT_VERSION = 1;
				DEVELOPMENT_TEAM = X9JHG4347L;
				GENERATE_INFOPLIST_FILE = YES;
				INFOPLIST_FILE = TheStudyPalApp/Info.plist;
				INFOPLIST_KEY_UIApplicationSupportsIndirectInputEvents = YES;
				INFOPLIST_KEY_UILaunchStoryboardName = LaunchScreen;
				INFOPLIST_KEY_UIMainStoryboardFile = Main;
				INFOPLIST_KEY_UISupportedInterfaceOrientations_iPad = "UIInterfaceOrientationPortrait UIInterfaceOrientationPortraitUpsideDown UIInterfaceOrientationLandscapeLeft UIInterfaceOrientationLandscapeRight";
				INFOPLIST_KEY_UISupportedInterfaceOrientations_iPhone = "UIInterfaceOrientationPortrait UIInterfaceOrientationLandscapeLeft UIInterfaceOrientationLandscapeRight";
				LD_RUNPATH_SEARCH_PATHS = (
					"$(inherited)",
					"@executable_path/Frameworks",
				);
				MARKETING_VERSION = 1.0;
				PRODUCT_BUNDLE_IDENTIFIER = CS329E.TheStudyPalApp;
				PRODUCT_NAME = "$(TARGET_NAME)";
				SWIFT_EMIT_LOC_STRINGS = YES;
				SWIFT_VERSION = 5.0;
				TARGETED_DEVICE_FAMILY = "1,2";
			};
			name = Release;
		};
		E1B58F9D2D7F921F005E3895 /* Debug */ = {
			isa = XCBuildConfiguration;
			buildSettings = {
				ALWAYS_SEARCH_USER_PATHS = NO;
				ASSETCATALOG_COMPILER_GENERATE_SWIFT_ASSET_SYMBOL_EXTENSIONS = YES;
				CLANG_ANALYZER_NONNULL = YES;
				CLANG_ANALYZER_NUMBER_OBJECT_CONVERSION = YES_AGGRESSIVE;
				CLANG_CXX_LANGUAGE_STANDARD = "gnu++20";
				CLANG_ENABLE_MODULES = YES;
				CLANG_ENABLE_OBJC_ARC = YES;
				CLANG_ENABLE_OBJC_WEAK = YES;
				CLANG_WARN_BLOCK_CAPTURE_AUTORELEASING = YES;
				CLANG_WARN_BOOL_CONVERSION = YES;
				CLANG_WARN_COMMA = YES;
				CLANG_WARN_CONSTANT_CONVERSION = YES;
				CLANG_WARN_DEPRECATED_OBJC_IMPLEMENTATIONS = YES;
				CLANG_WARN_DIRECT_OBJC_ISA_USAGE = YES_ERROR;
				CLANG_WARN_DOCUMENTATION_COMMENTS = YES;
				CLANG_WARN_EMPTY_BODY = YES;
				CLANG_WARN_ENUM_CONVERSION = YES;
				CLANG_WARN_INFINITE_RECURSION = YES;
				CLANG_WARN_INT_CONVERSION = YES;
				CLANG_WARN_NON_LITERAL_NULL_CONVERSION = YES;
				CLANG_WARN_OBJC_IMPLICIT_RETAIN_SELF = YES;
				CLANG_WARN_OBJC_LITERAL_CONVERSION = YES;
				CLANG_WARN_OBJC_ROOT_CLASS = YES_ERROR;
				CLANG_WARN_QUOTED_INCLUDE_IN_FRAMEWORK_HEADER = YES;
				CLANG_WARN_RANGE_LOOP_ANALYSIS = YES;
				CLANG_WARN_STRICT_PROTOTYPES = YES;
				CLANG_WARN_SUSPICIOUS_MOVE = YES;
				CLANG_WARN_UNGUARDED_AVAILABILITY = YES_AGGRESSIVE;
				CLANG_WARN_UNREACHABLE_CODE = YES;
				CLANG_WARN__DUPLICATE_METHOD_MATCH = YES;
				COPY_PHASE_STRIP = NO;
				DEBUG_INFORMATION_FORMAT = dwarf;
				ENABLE_STRICT_OBJC_MSGSEND = YES;
				ENABLE_TESTABILITY = YES;
				ENABLE_USER_SCRIPT_SANDBOXING = YES;
				GCC_C_LANGUAGE_STANDARD = gnu17;
				GCC_DYNAMIC_NO_PIC = NO;
				GCC_NO_COMMON_BLOCKS = YES;
				GCC_OPTIMIZATION_LEVEL = 0;
				GCC_PREPROCESSOR_DEFINITIONS = (
					"DEBUG=1",
					"$(inherited)",
				);
				GCC_WARN_64_TO_32_BIT_CONVERSION = YES;
				GCC_WARN_ABOUT_RETURN_TYPE = YES_ERROR;
				GCC_WARN_UNDECLARED_SELECTOR = YES;
				GCC_WARN_UNINITIALIZED_AUTOS = YES_AGGRESSIVE;
				GCC_WARN_UNUSED_FUNCTION = YES;
				GCC_WARN_UNUSED_VARIABLE = YES;
				IPHONEOS_DEPLOYMENT_TARGET = 18.2;
				LOCALIZATION_PREFERS_STRING_CATALOGS = YES;
				MTL_ENABLE_DEBUG_INFO = INCLUDE_SOURCE;
				MTL_FAST_MATH = YES;
				ONLY_ACTIVE_ARCH = YES;
				SDKROOT = iphoneos;
				SWIFT_ACTIVE_COMPILATION_CONDITIONS = "DEBUG $(inherited)";
				SWIFT_OPTIMIZATION_LEVEL = "-Onone";
			};
			name = Debug;
		};
		E1B58F9E2D7F921F005E3895 /* Release */ = {
			isa = XCBuildConfiguration;
			buildSettings = {
				ALWAYS_SEARCH_USER_PATHS = NO;
				ASSETCATALOG_COMPILER_GENERATE_SWIFT_ASSET_SYMBOL_EXTENSIONS = YES;
				CLANG_ANALYZER_NONNULL = YES;
				CLANG_ANALYZER_NUMBER_OBJECT_CONVERSION = YES_AGGRESSIVE;
				CLANG_CXX_LANGUAGE_STANDARD = "gnu++20";
				CLANG_ENABLE_MODULES = YES;
				CLANG_ENABLE_OBJC_ARC = YES;
				CLANG_ENABLE_OBJC_WEAK = YES;
				CLANG_WARN_BLOCK_CAPTURE_AUTORELEASING = YES;
				CLANG_WARN_BOOL_CONVERSION = YES;
				CLANG_WARN_COMMA = YES;
				CLANG_WARN_CONSTANT_CONVERSION = YES;
				CLANG_WARN_DEPRECATED_OBJC_IMPLEMENTATIONS = YES;
				CLANG_WARN_DIRECT_OBJC_ISA_USAGE = YES_ERROR;
				CLANG_WARN_DOCUMENTATION_COMMENTS = YES;
				CLANG_WARN_EMPTY_BODY = YES;
				CLANG_WARN_ENUM_CONVERSION = YES;
				CLANG_WARN_INFINITE_RECURSION = YES;
				CLANG_WARN_INT_CONVERSION = YES;
				CLANG_WARN_NON_LITERAL_NULL_CONVERSION = YES;
				CLANG_WARN_OBJC_IMPLICIT_RETAIN_SELF = YES;
				CLANG_WARN_OBJC_LITERAL_CONVERSION = YES;
				CLANG_WARN_OBJC_ROOT_CLASS = YES_ERROR;
				CLANG_WARN_QUOTED_INCLUDE_IN_FRAMEWORK_HEADER = YES;
				CLANG_WARN_RANGE_LOOP_ANALYSIS = YES;
				CLANG_WARN_STRICT_PROTOTYPES = YES;
				CLANG_WARN_SUSPICIOUS_MOVE = YES;
				CLANG_WARN_UNGUARDED_AVAILABILITY = YES_AGGRESSIVE;
				CLANG_WARN_UNREACHABLE_CODE = YES;
				CLANG_WARN__DUPLICATE_METHOD_MATCH = YES;
				COPY_PHASE_STRIP = NO;
				DEBUG_INFORMATION_FORMAT = "dwarf-with-dsym";
				ENABLE_NS_ASSERTIONS = NO;
				ENABLE_STRICT_OBJC_MSGSEND = YES;
				ENABLE_USER_SCRIPT_SANDBOXING = YES;
				GCC_C_LANGUAGE_STANDARD = gnu17;
				GCC_NO_COMMON_BLOCKS = YES;
				GCC_WARN_64_TO_32_BIT_CONVERSION = YES;
				GCC_WARN_ABOUT_RETURN_TYPE = YES_ERROR;
				GCC_WARN_UNDECLARED_SELECTOR = YES;
				GCC_WARN_UNINITIALIZED_AUTOS = YES_AGGRESSIVE;
				GCC_WARN_UNUSED_FUNCTION = YES;
				GCC_WARN_UNUSED_VARIABLE = YES;
				IPHONEOS_DEPLOYMENT_TARGET = 18.2;
				LOCALIZATION_PREFERS_STRING_CATALOGS = YES;
				MTL_ENABLE_DEBUG_INFO = NO;
				MTL_FAST_MATH = YES;
				SDKROOT = iphoneos;
				SWIFT_COMPILATION_MODE = wholemodule;
				VALIDATE_PRODUCT = YES;
			};
			name = Release;
		};
/* End XCBuildConfiguration section */

/* Begin XCConfigurationList section */
		E1B58F7F2D7F921C005E3895 /* Build configuration list for PBXProject "TheStudyPalApp" */ = {
			isa = XCConfigurationList;
			buildConfigurations = (
				E1B58F9D2D7F921F005E3895 /* Debug */,
				E1B58F9E2D7F921F005E3895 /* Release */,
			);
			defaultConfigurationIsVisible = 0;
			defaultConfigurationName = Release;
		};
		E1B58F9A2D7F921F005E3895 /* Build configuration list for PBXNativeTarget "TheStudyPalApp" */ = {
			isa = XCConfigurationList;
			buildConfigurations = (
				E1B58F9B2D7F921F005E3895 /* Debug */,
				E1B58F9C2D7F921F005E3895 /* Release */,
			);
			defaultConfigurationIsVisible = 0;
			defaultConfigurationName = Release;
		};
/* End XCConfigurationList section */

/* Begin XCRemoteSwiftPackageReference section */
		351261242D7FEDD9002849D6 /* XCRemoteSwiftPackageReference "facebook-ios-sdk" */ = {
			isa = XCRemoteSwiftPackageReference;
			repositoryURL = "https://github.com/facebook/facebook-ios-sdk.git";
			requirement = {
				kind = upToNextMajorVersion;
				minimumVersion = 14.1.0;
			};
		};
		351261252D7FEDF2002849D6 /* XCRemoteSwiftPackageReference "GoogleSignIn-iOS" */ = {
			isa = XCRemoteSwiftPackageReference;
			repositoryURL = "https://github.com/google/GoogleSignIn-iOS.git";
			requirement = {
				kind = upToNextMajorVersion;
				minimumVersion = 8.0.0;
			};
		};
		E1B58FB42D7F93CA005E3895 /* XCRemoteSwiftPackageReference "firebase-ios-sdk" */ = {
			isa = XCRemoteSwiftPackageReference;
			repositoryURL = "https://github.com/firebase/firebase-ios-sdk";
			requirement = {
				kind = upToNextMajorVersion;
				minimumVersion = 11.9.0;
			};
		};
/* End XCRemoteSwiftPackageReference section */

/* Begin XCSwiftPackageProductDependency section */
		351261262D7FEDF2002849D6 /* GoogleSignIn */ = {
			isa = XCSwiftPackageProductDependency;
			package = 351261252D7FEDF2002849D6 /* XCRemoteSwiftPackageReference "GoogleSignIn-iOS" */;
			productName = GoogleSignIn;
		};
		351261282D7FEDF2002849D6 /* GoogleSignInSwift */ = {
			isa = XCSwiftPackageProductDependency;
			package = 351261252D7FEDF2002849D6 /* XCRemoteSwiftPackageReference "GoogleSignIn-iOS" */;
			productName = GoogleSignInSwift;
		};
		3512612A2D7FEED8002849D6 /* FirebaseAnalytics */ = {
			isa = XCSwiftPackageProductDependency;
			productName = FirebaseAnalytics;
		};
		3512612C2D7FEEF4002849D6 /* FacebookLogin */ = {
			isa = XCSwiftPackageProductDependency;
			package = 351261242D7FEDD9002849D6 /* XCRemoteSwiftPackageReference "facebook-ios-sdk" */;
			productName = FacebookLogin;
		};
		E1B58FB52D7F93CA005E3895 /* FirebaseAuth */ = {
			isa = XCSwiftPackageProductDependency;
			package = E1B58FB42D7F93CA005E3895 /* XCRemoteSwiftPackageReference "firebase-ios-sdk" */;
			productName = FirebaseAuth;
		};
		E1B58FB72D7F93CA005E3895 /* FirebaseAuthCombine-Community */ = {
			isa = XCSwiftPackageProductDependency;
			package = E1B58FB42D7F93CA005E3895 /* XCRemoteSwiftPackageReference "firebase-ios-sdk" */;
			productName = "FirebaseAuthCombine-Community";
		};
		E1B58FB92D7F93CA005E3895 /* FirebaseCore */ = {
			isa = XCSwiftPackageProductDependency;
			package = E1B58FB42D7F93CA005E3895 /* XCRemoteSwiftPackageReference "firebase-ios-sdk" */;
			productName = FirebaseCore;
		};
		E1B58FBB2D7F93CA005E3895 /* FirebaseDatabase */ = {
			isa = XCSwiftPackageProductDependency;
			package = E1B58FB42D7F93CA005E3895 /* XCRemoteSwiftPackageReference "firebase-ios-sdk" */;
			productName = FirebaseDatabase;
		};
		E1B58FBD2D7F93CA005E3895 /* FirebaseFirestore */ = {
			isa = XCSwiftPackageProductDependency;
			package = E1B58FB42D7F93CA005E3895 /* XCRemoteSwiftPackageReference "firebase-ios-sdk" */;
			productName = FirebaseFirestore;
		};
		E1B58FBF2D7F93CA005E3895 /* FirebaseFunctions */ = {
			isa = XCSwiftPackageProductDependency;
			package = E1B58FB42D7F93CA005E3895 /* XCRemoteSwiftPackageReference "firebase-ios-sdk" */;
			productName = FirebaseFunctions;
		};
		E1B58FC12D7F93CA005E3895 /* FirebaseStorage */ = {
			isa = XCSwiftPackageProductDependency;
			package = E1B58FB42D7F93CA005E3895 /* XCRemoteSwiftPackageReference "firebase-ios-sdk" */;
			productName = FirebaseStorage;
		};
/* End XCSwiftPackageProductDependency section */
	};
	rootObject = E1B58F7C2D7F921C005E3895 /* Project object */;
}
